
Microsoft Visual Studio Solution File, Format Version 12.00
# Visual Studio Version 17
VisualStudioVersion = 17.6.33712.159
MinimumVisualStudioVersion = 10.0.40219.1
Project("{FAE04EC0-301F-11D3-BF4B-00C04F79EFBC}") = "Kursverwaltung", "Kursverwaltung\Kursverwaltung.csproj", "{2BE679BA-92CF-477E-B534-8E88A80A49C7}"
EndProject
Global
	GlobalSection(SolutionConfigurationPlatforms) = preSolution
		Debug|Any CPU = Debug|Any CPU
		Release|Any CPU = Release|Any CPU
	EndGlobalSection
	GlobalSection(ProjectConfigurationPlatforms) = postSolution
		{2BE679BA-92CF-477E-B534-8E88A80A49C7}.Debug|Any CPU.ActiveCfg = Debug|Any CPU
		{2BE679BA-92CF-477E-B534-8E88A80A49C7}.Debug|Any CPU.Build.0 = Debug|Any CPU
		{2BE679BA-92CF-477E-B534-8E88A80A49C7}.Release|Any CPU.ActiveCfg = Release|Any CPU
		{2BE679BA-92CF-477E-B534-8E88A80A49C7}.Release|Any CPU.Build.0 = Release|Any CPU
	EndGlobalSection
	GlobalSection(SolutionProperties) = preSolution
		HideSolutionNode = FALSE
	EndGlobalSection
	GlobalSection(ExtensibilityGlobals) = postSolution
		SolutionGuid = {977E3619-CD16-4D1C-88C6-08E20AC84F10}
	EndGlobalSection
EndGlobal
